// !$*UTF8*$!
{
	archiveVersion = 1;
	classes = {
	};
	objectVersion = 56;
	objects = {

/* Begin PBXBuildFile section */
		9137A7492B7CCDA600537C2C /* AppDelegate.swift in Sources */ = {isa = PBXBuildFile; fileRef = 9137A7482B7CCDA600537C2C /* AppDelegate.swift */; };
		9137A74B2B7CCDA600537C2C /* SceneDelegate.swift in Sources */ = {isa = PBXBuildFile; fileRef = 9137A74A2B7CCDA600537C2C /* SceneDelegate.swift */; };
		9137A74D2B7CCDA600537C2C /* ViewController.swift in Sources */ = {isa = PBXBuildFile; fileRef = 9137A74C2B7CCDA600537C2C /* ViewController.swift */; };
		9137A7502B7CCDA600537C2C /* Main.storyboard in Resources */ = {isa = PBXBuildFile; fileRef = 9137A74E2B7CCDA600537C2C /* Main.storyboard */; };
		9137A7522B7CCDA700537C2C /* Assets.xcassets in Resources */ = {isa = PBXBuildFile; fileRef = 9137A7512B7CCDA700537C2C /* Assets.xcassets */; };
		9137A7552B7CCDA700537C2C /* LaunchScreen.storyboard in Resources */ = {isa = PBXBuildFile; fileRef = 9137A7532B7CCDA700537C2C /* LaunchScreen.storyboard */; };
		916EFD202BBE8D950045C401 /* GenderSelectionViewController.swift in Sources */ = {isa = PBXBuildFile; fileRef = 916EFD1F2BBE8D950045C401 /* GenderSelectionViewController.swift */; };
		91A0C2992BBD49E900AD5AFC /* CollectionViewCell.swift in Sources */ = {isa = PBXBuildFile; fileRef = 91A0C2982BBD49E900AD5AFC /* CollectionViewCell.swift */; };
		91A0C29B2BBD4A1700AD5AFC /* TableViewCell.swift in Sources */ = {isa = PBXBuildFile; fileRef = 91A0C29A2BBD4A1700AD5AFC /* TableViewCell.swift */; };
		91BFB3262BBAEC65007EC25A /* PersonalTableViewController.swift in Sources */ = {isa = PBXBuildFile; fileRef = 91BFB3252BBAEC65007EC25A /* PersonalTableViewController.swift */; };
		91C702FF2BBAC470008CD352 /* PersonalViewController.swift in Sources */ = {isa = PBXBuildFile; fileRef = 91C702FE2BBAC470008CD352 /* PersonalViewController.swift */; };
		91DF6C442BB5484500F2164D /* Model.swift in Sources */ = {isa = PBXBuildFile; fileRef = 91DF6C432BB5484500F2164D /* Model.swift */; };
		91F158F82BB57AB1007AF26E /* AgeViewController.swift in Sources */ = {isa = PBXBuildFile; fileRef = 91F158F72BB57AB1007AF26E /* AgeViewController.swift */; };
/* End PBXBuildFile section */

/* Begin PBXFileReference section */
		9137A7452B7CCDA600537C2C /* 2FIT.app */ = {isa = PBXFileReference; explicitFileType = wrapper.application; includeInIndex = 0; path = 2FIT.app; sourceTree = BUILT_PRODUCTS_DIR; };
		9137A7482B7CCDA600537C2C /* AppDelegate.swift */ = {isa = PBXFileReference; lastKnownFileType = sourcecode.swift; path = AppDelegate.swift; sourceTree = "<group>"; };
		9137A74A2B7CCDA600537C2C /* SceneDelegate.swift */ = {isa = PBXFileReference; lastKnownFileType = sourcecode.swift; path = SceneDelegate.swift; sourceTree = "<group>"; };
		9137A74C2B7CCDA600537C2C /* ViewController.swift */ = {isa = PBXFileReference; lastKnownFileType = sourcecode.swift; path = ViewController.swift; sourceTree = "<group>"; };
		9137A74F2B7CCDA600537C2C /* Base */ = {isa = PBXFileReference; lastKnownFileType = file.storyboard; name = Base; path = Base.lproj/Main.storyboard; sourceTree = "<group>"; };
		9137A7512B7CCDA700537C2C /* Assets.xcassets */ = {isa = PBXFileReference; lastKnownFileType = folder.assetcatalog; path = Assets.xcassets; sourceTree = "<group>"; };
		9137A7542B7CCDA700537C2C /* Base */ = {isa = PBXFileReference; lastKnownFileType = file.storyboard; name = Base; path = Base.lproj/LaunchScreen.storyboard; sourceTree = "<group>"; };
		9137A7562B7CCDA700537C2C /* Info.plist */ = {isa = PBXFileReference; lastKnownFileType = text.plist.xml; path = Info.plist; sourceTree = "<group>"; };
		916EFD1F2BBE8D950045C401 /* GenderSelectionViewController.swift */ = {isa = PBXFileReference; lastKnownFileType = sourcecode.swift; path = GenderSelectionViewController.swift; sourceTree = "<group>"; };
		91A0C2982BBD49E900AD5AFC /* CollectionViewCell.swift */ = {isa = PBXFileReference; lastKnownFileType = sourcecode.swift; path = CollectionViewCell.swift; sourceTree = "<group>"; };
		91A0C29A2BBD4A1700AD5AFC /* TableViewCell.swift */ = {isa = PBXFileReference; lastKnownFileType = sourcecode.swift; path = TableViewCell.swift; sourceTree = "<group>"; };
		91BFB3252BBAEC65007EC25A /* PersonalTableViewController.swift */ = {isa = PBXFileReference; lastKnownFileType = sourcecode.swift; path = PersonalTableViewController.swift; sourceTree = "<group>"; };
		91C702FE2BBAC470008CD352 /* PersonalViewController.swift */ = {isa = PBXFileReference; lastKnownFileType = sourcecode.swift; path = PersonalViewController.swift; sourceTree = "<group>"; };
		91DF6C432BB5484500F2164D /* Model.swift */ = {isa = PBXFileReference; lastKnownFileType = sourcecode.swift; path = Model.swift; sourceTree = "<group>"; };
		91F158F72BB57AB1007AF26E /* AgeViewController.swift */ = {isa = PBXFileReference; lastKnownFileType = sourcecode.swift; path = AgeViewController.swift; sourceTree = "<group>"; };
/* End PBXFileReference section */

/* Begin PBXFrameworksBuildPhase section */
		9137A7422B7CCDA600537C2C /* Frameworks */ = {
			isa = PBXFrameworksBuildPhase;
			buildActionMask = 2147483647;
			files = (
			);
			runOnlyForDeploymentPostprocessing = 0;
		};
/* End PBXFrameworksBuildPhase section */

/* Begin PBXGroup section */
		9106E5282B95CAE600E7326D /* Model */ = {
			isa = PBXGroup;
			children = (
				91DF6C432BB5484500F2164D /* Model.swift */,
			);
			path = Model;
			sourceTree = "<group>";
		};
		9137A73C2B7CCDA600537C2C = {
			isa = PBXGroup;
			children = (
				9137A7472B7CCDA600537C2C /* 2FIT */,
				9137A7462B7CCDA600537C2C /* Products */,
			);
			sourceTree = "<group>";
		};
		9137A7462B7CCDA600537C2C /* Products */ = {
			isa = PBXGroup;
			children = (
				9137A7452B7CCDA600537C2C /* 2FIT.app */,
			);
			name = Products;
			sourceTree = "<group>";
		};
		9137A7472B7CCDA600537C2C /* 2FIT */ = {
			isa = PBXGroup;
			children = (
				91A0C2972BBD398900AD5AFC /* Controllers */,
				91A0C2962BBD397100AD5AFC /* App */,
				9106E5282B95CAE600E7326D /* Model */,
				9137A74E2B7CCDA600537C2C /* Main.storyboard */,
				916EFD1F2BBE8D950045C401 /* GenderSelectionViewController.swift */,
				9137A7512B7CCDA700537C2C /* Assets.xcassets */,
				9137A7532B7CCDA700537C2C /* LaunchScreen.storyboard */,
				9137A7562B7CCDA700537C2C /* Info.plist */,
				91A0C2982BBD49E900AD5AFC /* CollectionViewCell.swift */,
				91A0C29A2BBD4A1700AD5AFC /* TableViewCell.swift */,
			);
			path = 2FIT;
			sourceTree = "<group>";
		};
		91A0C2962BBD397100AD5AFC /* App */ = {
			isa = PBXGroup;
			children = (
				9137A7482B7CCDA600537C2C /* AppDelegate.swift */,
				9137A74A2B7CCDA600537C2C /* SceneDelegate.swift */,
			);
			path = App;
			sourceTree = "<group>";
		};
		91A0C2972BBD398900AD5AFC /* Controllers */ = {
			isa = PBXGroup;
			children = (
				91C702FE2BBAC470008CD352 /* PersonalViewController.swift */,
				91F158F72BB57AB1007AF26E /* AgeViewController.swift */,
				91BFB3252BBAEC65007EC25A /* PersonalTableViewController.swift */,
				9137A74C2B7CCDA600537C2C /* ViewController.swift */,
			);
			path = Controllers;
			sourceTree = "<group>";
		};
/* End PBXGroup section */

/* Begin PBXNativeTarget section */
		9137A7442B7CCDA600537C2C /* 2FIT */ = {
			isa = PBXNativeTarget;
			buildConfigurationList = 9137A7592B7CCDA700537C2C /* Build configuration list for PBXNativeTarget "2FIT" */;
			buildPhases = (
				9137A7412B7CCDA600537C2C /* Sources */,
				9137A7422B7CCDA600537C2C /* Frameworks */,
				9137A7432B7CCDA600537C2C /* Resources */,
			);
			buildRules = (
			);
			dependencies = (
			);
			name = 2FIT;
			productName = 2FIT;
			productReference = 9137A7452B7CCDA600537C2C /* 2FIT.app */;
			productType = "com.apple.product-type.application";
		};
/* End PBXNativeTarget section */

/* Begin PBXProject section */
		9137A73D2B7CCDA600537C2C /* Project object */ = {
			isa = PBXProject;
			attributes = {
				BuildIndependentTargetsInParallel = 1;
				LastSwiftUpdateCheck = 1500;
				LastUpgradeCheck = 1500;
				TargetAttributes = {
					9137A7442B7CCDA600537C2C = {
						CreatedOnToolsVersion = 15.0.1;
					};
				};
			};
			buildConfigurationList = 9137A7402B7CCDA600537C2C /* Build configuration list for PBXProject "2FIT" */;
			compatibilityVersion = "Xcode 14.0";
			developmentRegion = en;
			hasScannedForEncodings = 0;
			knownRegions = (
				en,
				Base,
			);
			mainGroup = 9137A73C2B7CCDA600537C2C;
			productRefGroup = 9137A7462B7CCDA600537C2C /* Products */;
			projectDirPath = "";
			projectRoot = "";
			targets = (
				9137A7442B7CCDA600537C2C /* 2FIT */,
			);
		};
/* End PBXProject section */

/* Begin PBXResourcesBuildPhase section */
		9137A7432B7CCDA600537C2C /* Resources */ = {
			isa = PBXResourcesBuildPhase;
			buildActionMask = 2147483647;
			files = (
				9137A7552B7CCDA700537C2C /* LaunchScreen.storyboard in Resources */,
				9137A7522B7CCDA700537C2C /* Assets.xcassets in Resources */,
				9137A7502B7CCDA600537C2C /* Main.storyboard in Resources */,
			);
			runOnlyForDeploymentPostprocessing = 0;
		};
/* End PBXResourcesBuildPhase section */

/* Begin PBXSourcesBuildPhase section */
		9137A7412B7CCDA600537C2C /* Sources */ = {
			isa = PBXSourcesBuildPhase;
			buildActionMask = 2147483647;
			files = (
				9137A74D2B7CCDA600537C2C /* ViewController.swift in Sources */,
				9137A7492B7CCDA600537C2C /* AppDelegate.swift in Sources */,
				91A0C2992BBD49E900AD5AFC /* CollectionViewCell.swift in Sources */,
				91A0C29B2BBD4A1700AD5AFC /* TableViewCell.swift in Sources */,
				916EFD202BBE8D950045C401 /* GenderSelectionViewController.swift in Sources */,
				9137A74B2B7CCDA600537C2C /* SceneDelegate.swift in Sources */,
				91F158F82BB57AB1007AF26E /* AgeViewController.swift in Sources */,
				91C702FF2BBAC470008CD352 /* PersonalViewController.swift in Sources */,
				91DF6C442BB5484500F2164D /* Model.swift in Sources */,
				91BFB3262BBAEC65007EC25A /* PersonalTableViewController.swift in Sources */,
			);
			runOnlyForDeploymentPostprocessing = 0;
		};
/* End PBXSourcesBuildPhase section */

/* Begin PBXVariantGroup section */
		9137A74E2B7CCDA600537C2C /* Main.storyboard */ = {
			isa = PBXVariantGroup;
			children = (
				9137A74F2B7CCDA600537C2C /* Base */,
			);
			name = Main.storyboard;
			sourceTree = "<group>";
		};
		9137A7532B7CCDA700537C2C /* LaunchScreen.storyboard */ = {
			isa = PBXVariantGroup;
			children = (
				9137A7542B7CCDA700537C2C /* Base */,
			);
			name = LaunchScreen.storyboard;
			sourceTree = "<group>";
		};
/* End PBXVariantGroup section */

/* Begin XCBuildConfiguration section */
		9137A7572B7CCDA700537C2C /* Debug */ = {
			isa = XCBuildConfiguration;
			buildSettings = {
				ALWAYS_SEARCH_USER_PATHS = NO;
				ASSETCATALOG_COMPILER_GENERATE_SWIFT_ASSET_SYMBOL_EXTENSIONS = YES;
				CLANG_ANALYZER_NONNULL = YES;
				CLANG_ANALYZER_NUMBER_OBJECT_CONVERSION = YES_AGGRESSIVE;
				CLANG_CXX_LANGUAGE_STANDARD = "gnu++20";
				CLANG_ENABLE_MODULES = YES;
				CLANG_ENABLE_OBJC_ARC = YES;
				CLANG_ENABLE_OBJC_WEAK = YES;
				CLANG_WARN_BLOCK_CAPTURE_AUTORELEASING = YES;
				CLANG_WARN_BOOL_CONVERSION = YES;
				CLANG_WARN_COMMA = YES;
				CLANG_WARN_CONSTANT_CONVERSION = YES;
				CLANG_WARN_DEPRECATED_OBJC_IMPLEMENTATIONS = YES;
				CLANG_WARN_DIRECT_OBJC_ISA_USAGE = YES_ERROR;
				CLANG_WARN_DOCUMENTATION_COMMENTS = YES;
				CLANG_WARN_EMPTY_BODY = YES;
				CLANG_WARN_ENUM_CONVERSION = YES;
				CLANG_WARN_INFINITE_RECURSION = YES;
				CLANG_WARN_INT_CONVERSION = YES;
				CLANG_WARN_NON_LITERAL_NULL_CONVERSION = YES;
				CLANG_WARN_OBJC_IMPLICIT_RETAIN_SELF = YES;
				CLANG_WARN_OBJC_LITERAL_CONVERSION = YES;
				CLANG_WARN_OBJC_ROOT_CLASS = YES_ERROR;
				CLANG_WARN_QUOTED_INCLUDE_IN_FRAMEWORK_HEADER = YES;
				CLANG_WARN_RANGE_LOOP_ANALYSIS = YES;
				CLANG_WARN_STRICT_PROTOTYPES = YES;
				CLANG_WARN_SUSPICIOUS_MOVE = YES;
				CLANG_WARN_UNGUARDED_AVAILABILITY = YES_AGGRESSIVE;
				CLANG_WARN_UNREACHABLE_CODE = YES;
				CLANG_WARN__DUPLICATE_METHOD_MATCH = YES;
				COPY_PHASE_STRIP = NO;
				DEBUG_INFORMATION_FORMAT = dwarf;
				ENABLE_STRICT_OBJC_MSGSEND = YES;
				ENABLE_TESTABILITY = YES;
				ENABLE_USER_SCRIPT_SANDBOXING = YES;
				GCC_C_LANGUAGE_STANDARD = gnu17;
				GCC_DYNAMIC_NO_PIC = NO;
				GCC_NO_COMMON_BLOCKS = YES;
				GCC_OPTIMIZATION_LEVEL = 0;
				GCC_PREPROCESSOR_DEFINITIONS = (
					"DEBUG=1",
					"$(inherited)",
				);
				GCC_WARN_64_TO_32_BIT_CONVERSION = YES;
				GCC_WARN_ABOUT_RETURN_TYPE = YES_ERROR;
				GCC_WARN_UNDECLARED_SELECTOR = YES;
				GCC_WARN_UNINITIALIZED_AUTOS = YES_AGGRESSIVE;
				GCC_WARN_UNUSED_FUNCTION = YES;
				GCC_WARN_UNUSED_VARIABLE = YES;
				IPHONEOS_DEPLOYMENT_TARGET = 17.0;
				LOCALIZATION_PREFERS_STRING_CATALOGS = YES;
				MTL_ENABLE_DEBUG_INFO = INCLUDE_SOURCE;
				MTL_FAST_MATH = YES;
				ONLY_ACTIVE_ARCH = YES;
				SDKROOT = iphoneos;
				SWIFT_ACTIVE_COMPILATION_CONDITIONS = "DEBUG $(inherited)";
				SWIFT_OPTIMIZATION_LEVEL = "-Onone";
			};
			name = Debug;
		};
		9137A7582B7CCDA700537C2C /* Release */ = {
			isa = XCBuildConfiguration;
			buildSettings = {
				ALWAYS_SEARCH_USER_PATHS = NO;
				ASSETCATALOG_COMPILER_GENERATE_SWIFT_ASSET_SYMBOL_EXTENSIONS = YES;
				CLANG_ANALYZER_NONNULL = YES;
				CLANG_ANALYZER_NUMBER_OBJECT_CONVERSION = YES_AGGRESSIVE;
				CLANG_CXX_LANGUAGE_STANDARD = "gnu++20";
				CLANG_ENABLE_MODULES = YES;
				CLANG_ENABLE_OBJC_ARC = YES;
				CLANG_ENABLE_OBJC_WEAK = YES;
				CLANG_WARN_BLOCK_CAPTURE_AUTORELEASING = YES;
				CLANG_WARN_BOOL_CONVERSION = YES;
				CLANG_WARN_COMMA = YES;
				CLANG_WARN_CONSTANT_CONVERSION = YES;
				CLANG_WARN_DEPRECATED_OBJC_IMPLEMENTATIONS = YES;
				CLANG_WARN_DIRECT_OBJC_ISA_USAGE = YES_ERROR;
				CLANG_WARN_DOCUMENTATION_COMMENTS = YES;
				CLANG_WARN_EMPTY_BODY = YES;
				CLANG_WARN_ENUM_CONVERSION = YES;
				CLANG_WARN_INFINITE_RECURSION = YES;
				CLANG_WARN_INT_CONVERSION = YES;
				CLANG_WARN_NON_LITERAL_NULL_CONVERSION = YES;
				CLANG_WARN_OBJC_IMPLICIT_RETAIN_SELF = YES;
				CLANG_WARN_OBJC_LITERAL_CONVERSION = YES;
				CLANG_WARN_OBJC_ROOT_CLASS = YES_ERROR;
				CLANG_WARN_QUOTED_INCLUDE_IN_FRAMEWORK_HEADER = YES;
				CLANG_WARN_RANGE_LOOP_ANALYSIS = YES;
				CLANG_WARN_STRICT_PROTOTYPES = YES;
				CLANG_WARN_SUSPICIOUS_MOVE = YES;
				CLANG_WARN_UNGUARDED_AVAILABILITY = YES_AGGRESSIVE;
				CLANG_WARN_UNREACHABLE_CODE = YES;
				CLANG_WARN__DUPLICATE_METHOD_MATCH = YES;
				COPY_PHASE_STRIP = NO;
				DEBUG_INFORMATION_FORMAT = "dwarf-with-dsym";
				ENABLE_NS_ASSERTIONS = NO;
				ENABLE_STRICT_OBJC_MSGSEND = YES;
				ENABLE_USER_SCRIPT_SANDBOXING = YES;
				GCC_C_LANGUAGE_STANDARD = gnu17;
				GCC_NO_COMMON_BLOCKS = YES;
				GCC_WARN_64_TO_32_BIT_CONVERSION = YES;
				GCC_WARN_ABOUT_RETURN_TYPE = YES_ERROR;
				GCC_WARN_UNDECLARED_SELECTOR = YES;
				GCC_WARN_UNINITIALIZED_AUTOS = YES_AGGRESSIVE;
				GCC_WARN_UNUSED_FUNCTION = YES;
				GCC_WARN_UNUSED_VARIABLE = YES;
				IPHONEOS_DEPLOYMENT_TARGET = 17.0;
				LOCALIZATION_PREFERS_STRING_CATALOGS = YES;
				MTL_ENABLE_DEBUG_INFO = NO;
				MTL_FAST_MATH = YES;
				SDKROOT = iphoneos;
				SWIFT_COMPILATION_MODE = wholemodule;
				VALIDATE_PRODUCT = YES;
			};
			name = Release;
		};
		9137A75A2B7CCDA700537C2C /* Debug */ = {
			isa = XCBuildConfiguration;
			buildSettings = {
				ASSETCATALOG_COMPILER_APPICON_NAME = AppIcon;
				ASSETCATALOG_COMPILER_GLOBAL_ACCENT_COLOR_NAME = AccentColor;
				CODE_SIGN_STYLE = Automatic;
				CURRENT_PROJECT_VERSION = 1;
				GENERATE_INFOPLIST_FILE = YES;
				INFOPLIST_FILE = 2FIT/Info.plist;
				INFOPLIST_KEY_UIApplicationSupportsIndirectInputEvents = YES;
				INFOPLIST_KEY_UILaunchStoryboardName = LaunchScreen;
				INFOPLIST_KEY_UIMainStoryboardFile = Main;
				INFOPLIST_KEY_UISupportedInterfaceOrientations_iPad = "UIInterfaceOrientationPortrait UIInterfaceOrientationPortraitUpsideDown UIInterfaceOrientationLandscapeLeft UIInterfaceOrientationLandscapeRight";
				INFOPLIST_KEY_UISupportedInterfaceOrientations_iPhone = "UIInterfaceOrientationPortrait UIInterfaceOrientationLandscapeLeft UIInterfaceOrientationLandscapeRight";
				LD_RUNPATH_SEARCH_PATHS = (
					"$(inherited)",
					"@executable_path/Frameworks",
				);
				MARKETING_VERSION = 1.0;
				PRODUCT_BUNDLE_IDENTIFIER = "doniyornormuxammedov.-FIT";
				PRODUCT_NAME = "$(TARGET_NAME)";
				SWIFT_EMIT_LOC_STRINGS = YES;
				SWIFT_VERSION = 5.0;
				TARGETED_DEVICE_FAMILY = "1,2";
			};
			name = Debug;
		};
		9137A75B2B7CCDA700537C2C /* Release */ = {
			isa = XCBuildConfiguration;
			buildSettings = {
				ASSETCATALOG_COMPILER_APPICON_NAME = AppIcon;
				ASSETCATALOG_COMPILER_GLOBAL_ACCENT_COLOR_NAME = AccentColor;
				CODE_SIGN_STYLE = Automatic;
				CURRENT_PROJECT_VERSION = 1;
				GENERATE_INFOPLIST_FILE = YES;
				INFOPLIST_FILE = 2FIT/Info.plist;
				INFOPLIST_KEY_UIApplicationSupportsIndirectInputEvents = YES;
				INFOPLIST_KEY_UILaunchStoryboardName = LaunchScreen;
				INFOPLIST_KEY_UIMainStoryboardFile = Main;
				INFOPLIST_KEY_UISupportedInterfaceOrientations_iPad = "UIInterfaceOrientationPortrait UIInterfaceOrientationPortraitUpsideDown UIInterfaceOrientationLandscapeLeft UIInterfaceOrientationLandscapeRight";
				INFOPLIST_KEY_UISupportedInterfaceOrientations_iPhone = "UIInterfaceOrientationPortrait UIInterfaceOrientationLandscapeLeft UIInterfaceOrientationLandscapeRight";
				LD_RUNPATH_SEARCH_PATHS = (
					"$(inherited)",
					"@executable_path/Frameworks",
				);
				MARKETING_VERSION = 1.0;
				PRODUCT_BUNDLE_IDENTIFIER = "doniyornormuxammedov.-FIT";
				PRODUCT_NAME = "$(TARGET_NAME)";
				SWIFT_EMIT_LOC_STRINGS = YES;
				SWIFT_VERSION = 5.0;
				TARGETED_DEVICE_FAMILY = "1,2";
			};
			name = Release;
		};
/* End XCBuildConfiguration section */

/* Begin XCConfigurationList section */
		9137A7402B7CCDA600537C2C /* Build configuration list for PBXProject "2FIT" */ = {
			isa = XCConfigurationList;
			buildConfigurations = (
				9137A7572B7CCDA700537C2C /* Debug */,
				9137A7582B7CCDA700537C2C /* Release */,
			);
			defaultConfigurationIsVisible = 0;
			defaultConfigurationName = Release;
		};
		9137A7592B7CCDA700537C2C /* Build configuration list for PBXNativeTarget "2FIT" */ = {
			isa = XCConfigurationList;
			buildConfigurations = (
				9137A75A2B7CCDA700537C2C /* Debug */,
				9137A75B2B7CCDA700537C2C /* Release */,
			);
			defaultConfigurationIsVisible = 0;
			defaultConfigurationName = Release;
		};
/* End XCConfigurationList section */
	};
	rootObject = 9137A73D2B7CCDA600537C2C /* Project object */;
}
